Microsoft Visual Studio Solution File, Format Version 11.00
# Visual Studio 2008

Project("{65883A24-D579-BBEE-CF8D-5E3C92C54770}") = "UnityHelloWorld", "Assembly-CSharp-firstpass.csproj", "{140E67C1-15E6-6915-0D1D-2E0912037F44}"
EndProject
Project("{65883A24-D579-BBEE-CF8D-5E3C92C54770}") = "UnityHelloWorld", "Assembly-CSharp.csproj", "{39CC60F8-71F6-D68D-97FD-237437B0EF6F}"
EndProject
Project("{65883A24-D579-BBEE-CF8D-5E3C92C54770}") = "UnityHelloWorld", "Assembly-CSharp-Editor-firstpass.csproj", "{FB3350D9-85C7-0E30-2B91-FECC2222A4CE}"
EndProject
Global
	GlobalSection(SolutionConfigurationPlatforms) = preSolution
		Debug|Any CPU = Debug|Any CPU
		Release|Any CPU = Release|Any CPU
	EndGlobalSection
	GlobalSection(ProjectConfigurationPlatforms) = postSolution
		{140E67C1-15E6-6915-0D1D-2E0912037F44}.Debug|Any CPU.ActiveCfg = Debug|Any CPU
		{140E67C1-15E6-6915-0D1D-2E0912037F44}.Debug|Any CPU.Build.0 = Debug|Any CPU
		{140E67C1-15E6-6915-0D1D-2E0912037F44}.Release|Any CPU.ActiveCfg = Release|Any CPU
		{140E67C1-15E6-6915-0D1D-2E0912037F44}.Release|Any CPU.Build.0 = Release|Any CPU
		{39CC60F8-71F6-D68D-97FD-237437B0EF6F}.Debug|Any CPU.ActiveCfg = Debug|Any CPU
		{39CC60F8-71F6-D68D-97FD-237437B0EF6F}.Debug|Any CPU.Build.0 = Debug|Any CPU
		{39CC60F8-71F6-D68D-97FD-237437B0EF6F}.Release|Any CPU.ActiveCfg = Release|Any CPU
		{39CC60F8-71F6-D68D-97FD-237437B0EF6F}.Release|Any CPU.Build.0 = Release|Any CPU
		{FB3350D9-85C7-0E30-2B91-FECC2222A4CE}.Debug|Any CPU.ActiveCfg = Debug|Any CPU
		{FB3350D9-85C7-0E30-2B91-FECC2222A4CE}.Debug|Any CPU.Build.0 = Debug|Any CPU
		{FB3350D9-85C7-0E30-2B91-FECC2222A4CE}.Release|Any CPU.ActiveCfg = Release|Any CPU
		{FB3350D9-85C7-0E30-2B91-FECC2222A4CE}.Release|Any CPU.Build.0 = Release|Any CPU
	EndGlobalSection
	GlobalSection(SolutionProperties) = preSolution
		HideSolutionNode = FALSE
	EndGlobalSection
	GlobalSection(MonoDevelopProperties) = preSolution
		StartupItem = Assembly-CSharp.csproj
	EndGlobalSection
EndGlobal
